{
  "nodes": {
    "nixpkgs": {
      "locked": {
        "lastModified": 1789754019,
        "narHash": "sha256-N8gMcziRWB1CnSykjQPuf8lQKDD69LjnURRzaNXoPb4=",
        "owner": "NixOS",
        "repo": "nixpkgs",
        "rev": "2e032a04454b525daa6c6651264aaa5d3e98cf54",
        "type": "github"
      },
      "original": {
        "owner": "NixOS",
        "ref": "nixpkgs-unstable",
        "repo": "nixpkgs",
        "type": "github"
      }
    },
    "root": {
      "inputs": {
        "nixpkgs": "nixpkgs"
      }
    }
  },
  "root": "root",
  "version": 7
}
